
Microsoft Visual Studio Solution File, Format Version 12.00
# Visual Studio Version 17
VisualStudioVersion = 17.10.35027.167
MinimumVisualStudioVersion = 10.0.40219.1
Project("{FAE04EC0-301F-11D3-BF4B-00C04F79EFBC}") = "SyncplicityTask", "SyncplicityTask\SyncplicityTask.csproj", "{7FCDA96D-9C7C-4F6D-8017-0EE0555EF97E}"
EndProject
Global
	GlobalSection(SolutionConfigurationPlatforms) = preSolution
		Debug|Any CPU = Debug|Any CPU
		Release|Any CPU = Release|Any CPU
	EndGlobalSection
	GlobalSection(ProjectConfigurationPlatforms) = postSolution
		{7FCDA96D-9C7C-4F6D-8017-0EE0555EF97E}.Debug|Any CPU.ActiveCfg = Debug|Any CPU
		{7FCDA96D-9C7C-4F6D-8017-0EE0555EF97E}.Debug|Any CPU.Build.0 = Debug|Any CPU
		{7FCDA96D-9C7C-4F6D-8017-0EE0555EF97E}.Release|Any CPU.ActiveCfg = Release|Any CPU
		{7FCDA96D-9C7C-4F6D-8017-0EE0555EF97E}.Release|Any CPU.Build.0 = Release|Any CPU
	EndGlobalSection
	GlobalSection(SolutionProperties) = preSolution
		HideSolutionNode = FALSE
	EndGlobalSection
	GlobalSection(ExtensibilityGlobals) = postSolution
		SolutionGuid = {6BC662C3-BB31-40BD-865E-075426554D6B}
	EndGlobalSection
EndGlobal
